
Microsoft Visual Studio Solution File, Format Version 12.00
# Visual Studio Version 17
VisualStudioVersion = 17.5.33627.172
MinimumVisualStudioVersion = 10.0.40219.1
Project("{9A19103F-16F7-4668-BE54-9A1E7A4F7556}") = "io2-module-iotemplate-service", "service\io2-module-iotemplate-service.csproj", "{DFA96E57-40D2-4C44-8AA5-2030EEC76B0D}"
EndProject
Project("{2150E333-8FDC-42A3-9474-1A3956D46DE8}") = "service", "service", "{2A73C673-A714-4A3D-BCB9-34FBCD442350}"
EndProject
Project("{2150E333-8FDC-42A3-9474-1A3956D46DE8}") = "api", "api", "{494BD1C4-E9DE-43E7-989E-5419FD0577C2}"
EndProject
Project("{2150E333-8FDC-42A3-9474-1A3956D46DE8}") = "processor", "processor", "{4EB3B1D4-A79C-473D-8FBE-D4113350C22C}"
EndProject
Project("{9A19103F-16F7-4668-BE54-9A1E7A4F7556}") = "io2-module-iotemplate-api-info", "api\info\io2-module-iotemplate-api-info.csproj", "{A64C2FC1-77C3-4BA5-AB0E-0239C9514445}"
EndProject
Project("{9A19103F-16F7-4668-BE54-9A1E7A4F7556}") = "io2-module-iotemplate-api-processor-example", "api\processor\example\io2-module-iotemplate-api-processor-example.csproj", "{024A6313-0BEC-41C0-A6F6-60A36F58941E}"
EndProject
Project("{2150E333-8FDC-42A3-9474-1A3956D46DE8}") = "shared", "shared", "{81655522-E735-4B5B-83B2-FC6590EF9ECA}"
EndProject
Project("{9A19103F-16F7-4668-BE54-9A1E7A4F7556}") = "io2-module-iotemplate-utils", "shared\utils\io2-module-iotemplate-utils.csproj", "{F2020205-9B6B-4D08-8577-C72F954E9844}"
EndProject
Global
	GlobalSection(SolutionConfigurationPlatforms) = preSolution
		Debug|Any CPU = Debug|Any CPU
		Release|Any CPU = Release|Any CPU
	EndGlobalSection
	GlobalSection(ProjectConfigurationPlatforms) = postSolution
		{DFA96E57-40D2-4C44-8AA5-2030EEC76B0D}.Debug|Any CPU.ActiveCfg = Debug|Any CPU
		{DFA96E57-40D2-4C44-8AA5-2030EEC76B0D}.Debug|Any CPU.Build.0 = Debug|Any CPU
		{DFA96E57-40D2-4C44-8AA5-2030EEC76B0D}.Release|Any CPU.ActiveCfg = Release|Any CPU
		{DFA96E57-40D2-4C44-8AA5-2030EEC76B0D}.Release|Any CPU.Build.0 = Release|Any CPU
		{A64C2FC1-77C3-4BA5-AB0E-0239C9514445}.Debug|Any CPU.ActiveCfg = Debug|Any CPU
		{A64C2FC1-77C3-4BA5-AB0E-0239C9514445}.Debug|Any CPU.Build.0 = Debug|Any CPU
		{A64C2FC1-77C3-4BA5-AB0E-0239C9514445}.Release|Any CPU.ActiveCfg = Release|Any CPU
		{A64C2FC1-77C3-4BA5-AB0E-0239C9514445}.Release|Any CPU.Build.0 = Release|Any CPU
		{024A6313-0BEC-41C0-A6F6-60A36F58941E}.Debug|Any CPU.ActiveCfg = Debug|Any CPU
		{024A6313-0BEC-41C0-A6F6-60A36F58941E}.Debug|Any CPU.Build.0 = Debug|Any CPU
		{024A6313-0BEC-41C0-A6F6-60A36F58941E}.Release|Any CPU.ActiveCfg = Release|Any CPU
		{024A6313-0BEC-41C0-A6F6-60A36F58941E}.Release|Any CPU.Build.0 = Release|Any CPU
		{F2020205-9B6B-4D08-8577-C72F954E9844}.Debug|Any CPU.ActiveCfg = Debug|Any CPU
		{F2020205-9B6B-4D08-8577-C72F954E9844}.Debug|Any CPU.Build.0 = Debug|Any CPU
		{F2020205-9B6B-4D08-8577-C72F954E9844}.Release|Any CPU.ActiveCfg = Release|Any CPU
		{F2020205-9B6B-4D08-8577-C72F954E9844}.Release|Any CPU.Build.0 = Release|Any CPU
	EndGlobalSection
	GlobalSection(SolutionProperties) = preSolution
		HideSolutionNode = FALSE
	EndGlobalSection
	GlobalSection(NestedProjects) = preSolution
		{DFA96E57-40D2-4C44-8AA5-2030EEC76B0D} = {2A73C673-A714-4A3D-BCB9-34FBCD442350}
		{4EB3B1D4-A79C-473D-8FBE-D4113350C22C} = {494BD1C4-E9DE-43E7-989E-5419FD0577C2}
		{A64C2FC1-77C3-4BA5-AB0E-0239C9514445} = {494BD1C4-E9DE-43E7-989E-5419FD0577C2}
		{024A6313-0BEC-41C0-A6F6-60A36F58941E} = {4EB3B1D4-A79C-473D-8FBE-D4113350C22C}
		{F2020205-9B6B-4D08-8577-C72F954E9844} = {81655522-E735-4B5B-83B2-FC6590EF9ECA}
	EndGlobalSection
	GlobalSection(ExtensibilityGlobals) = postSolution
		SolutionGuid = {233C0211-1C7B-44D5-8E31-18B7BE30F1BD}
	EndGlobalSection
EndGlobal
